
Microsoft Visual Studio Solution File, Format Version 12.00
# Visual Studio Version 16
VisualStudioVersion = 16.0.32002.261
MinimumVisualStudioVersion = 10.0.40219.1
Project("{9A19103F-16F7-4668-BE54-9A1E7A4F7556}") = "IoTEducation.Web", "IoTEducation.Web\IoTEducation.Web.csproj", "{78C8DEE4-4B94-4084-9928-4519DF714DA6}"
EndProject
Project("{9A19103F-16F7-4668-BE54-9A1E7A4F7556}") = "IoTEducation.API", "IoTEducation.API\IoTEducation.API.csproj", "{DBA1C1EF-EBCE-40EB-8455-69706EE3AD88}"
EndProject
Project("{9A19103F-16F7-4668-BE54-9A1E7A4F7556}") = "IoTEducation.Common", "IoTEducation.Common\IoTEducation.Common.csproj", "{C51D2C2E-6C8D-4510-816E-0CF68E081EA5}"
EndProject
Project("{FAE04EC0-301F-11D3-BF4B-00C04F79EFBC}") = "IoTEducation.DataLayer", "IoTEducation.DataLayer\IoTEducation.DataLayer.csproj", "{C992DE77-D73B-4B93-B8B9-D2AB81B2298D}"
EndProject
Project("{FAE04EC0-301F-11D3-BF4B-00C04F79EFBC}") = "IoTEducation.TCPServer", "IoTEducation.TCPServer\IoTEducation.TCPServer.csproj", "{33702B9A-F081-4EAC-81F8-A6C83CD8C289}"
EndProject
Global
	GlobalSection(SolutionConfigurationPlatforms) = preSolution
		Debug|Any CPU = Debug|Any CPU
		Release|Any CPU = Release|Any CPU
	EndGlobalSection
	GlobalSection(ProjectConfigurationPlatforms) = postSolution
		{78C8DEE4-4B94-4084-9928-4519DF714DA6}.Debug|Any CPU.ActiveCfg = Debug|Any CPU
		{78C8DEE4-4B94-4084-9928-4519DF714DA6}.Debug|Any CPU.Build.0 = Debug|Any CPU
		{78C8DEE4-4B94-4084-9928-4519DF714DA6}.Release|Any CPU.ActiveCfg = Release|Any CPU
		{78C8DEE4-4B94-4084-9928-4519DF714DA6}.Release|Any CPU.Build.0 = Release|Any CPU
		{DBA1C1EF-EBCE-40EB-8455-69706EE3AD88}.Debug|Any CPU.ActiveCfg = Debug|Any CPU
		{DBA1C1EF-EBCE-40EB-8455-69706EE3AD88}.Debug|Any CPU.Build.0 = Debug|Any CPU
		{DBA1C1EF-EBCE-40EB-8455-69706EE3AD88}.Release|Any CPU.ActiveCfg = Release|Any CPU
		{DBA1C1EF-EBCE-40EB-8455-69706EE3AD88}.Release|Any CPU.Build.0 = Release|Any CPU
		{C51D2C2E-6C8D-4510-816E-0CF68E081EA5}.Debug|Any CPU.ActiveCfg = Debug|Any CPU
		{C51D2C2E-6C8D-4510-816E-0CF68E081EA5}.Debug|Any CPU.Build.0 = Debug|Any CPU
		{C51D2C2E-6C8D-4510-816E-0CF68E081EA5}.Release|Any CPU.ActiveCfg = Release|Any CPU
		{C51D2C2E-6C8D-4510-816E-0CF68E081EA5}.Release|Any CPU.Build.0 = Release|Any CPU
		{C992DE77-D73B-4B93-B8B9-D2AB81B2298D}.Debug|Any CPU.ActiveCfg = Debug|Any CPU
		{C992DE77-D73B-4B93-B8B9-D2AB81B2298D}.Debug|Any CPU.Build.0 = Debug|Any CPU
		{C992DE77-D73B-4B93-B8B9-D2AB81B2298D}.Release|Any CPU.ActiveCfg = Release|Any CPU
		{C992DE77-D73B-4B93-B8B9-D2AB81B2298D}.Release|Any CPU.Build.0 = Release|Any CPU
		{33702B9A-F081-4EAC-81F8-A6C83CD8C289}.Debug|Any CPU.ActiveCfg = Debug|Any CPU
		{33702B9A-F081-4EAC-81F8-A6C83CD8C289}.Debug|Any CPU.Build.0 = Debug|Any CPU
		{33702B9A-F081-4EAC-81F8-A6C83CD8C289}.Release|Any CPU.ActiveCfg = Release|Any CPU
		{33702B9A-F081-4EAC-81F8-A6C83CD8C289}.Release|Any CPU.Build.0 = Release|Any CPU
	EndGlobalSection
	GlobalSection(SolutionProperties) = preSolution
		HideSolutionNode = FALSE
	EndGlobalSection
	GlobalSection(ExtensibilityGlobals) = postSolution
		SolutionGuid = {C95F923A-2EE3-4376-950D-3489AAD0D834}
	EndGlobalSection
EndGlobal
